
Microsoft Visual Studio Solution File, Format Version 12.00
# Visual Studio Version 17
VisualStudioVersion = 17.8.34525.116
MinimumVisualStudioVersion = 10.0.40219.1
Project("{FAE04EC0-301F-11D3-BF4B-00C04F79EFBC}") = "FuncaoParametrosI", "ConsoleAppX\FuncaoParametrosI.csproj", "{83EBA2CA-6333-4BD6-A65A-BF5F6D00256E}"
EndProject
Project("{FAE04EC0-301F-11D3-BF4B-00C04F79EFBC}") = "FuncaoParametrosII", "FuncaoParametrosII\FuncaoParametrosII.csproj", "{8919EA1E-A9C0-4043-BCF1-64749250C054}"
EndProject
Global
	GlobalSection(SolutionConfigurationPlatforms) = preSolution
		Debug|Any CPU = Debug|Any CPU
		Release|Any CPU = Release|Any CPU
	EndGlobalSection
	GlobalSection(ProjectConfigurationPlatforms) = postSolution
		{83EBA2CA-6333-4BD6-A65A-BF5F6D00256E}.Debug|Any CPU.ActiveCfg = Debug|Any CPU
		{83EBA2CA-6333-4BD6-A65A-BF5F6D00256E}.Debug|Any CPU.Build.0 = Debug|Any CPU
		{83EBA2CA-6333-4BD6-A65A-BF5F6D00256E}.Release|Any CPU.ActiveCfg = Release|Any CPU
		{83EBA2CA-6333-4BD6-A65A-BF5F6D00256E}.Release|Any CPU.Build.0 = Release|Any CPU
		{8919EA1E-A9C0-4043-BCF1-64749250C054}.Debug|Any CPU.ActiveCfg = Debug|Any CPU
		{8919EA1E-A9C0-4043-BCF1-64749250C054}.Debug|Any CPU.Build.0 = Debug|Any CPU
		{8919EA1E-A9C0-4043-BCF1-64749250C054}.Release|Any CPU.ActiveCfg = Release|Any CPU
		{8919EA1E-A9C0-4043-BCF1-64749250C054}.Release|Any CPU.Build.0 = Release|Any CPU
	EndGlobalSection
	GlobalSection(SolutionProperties) = preSolution
		HideSolutionNode = FALSE
	EndGlobalSection
	GlobalSection(ExtensibilityGlobals) = postSolution
		SolutionGuid = {21CE2137-F85C-4C67-86C0-604EC286A1ED}
	EndGlobalSection
EndGlobal
